# THIS IS AN AUTOGENERATED FILE. DO NOT EDIT THIS FILE DIRECTLY.
# yarn lockfile v1


"@brisberg/screepsmod-lockstep@^1.1.2":
  version "1.1.2"
  resolved "https://npm.pkg.github.com/download/@brisberg/screepsmod-lockstep/1.1.2/206aec09eb810a245f205cb3fcd44cb1c381ef5c33040886a97e4d32392952f1#35db2aed7d605db60d6c0e52d3adc1ce3dd441c2"
  integrity sha512-YhZAkyWfU2Nns5yycVmAn82OIEGLH5xUHcZm8PqL6PrR1nLDoVPWk7EnEsL0jtnNXHx8mx1oO0F48zu7YxVsWg==
